
Microsoft Visual Studio Solution File, Format Version 12.00
# Visual Studio 15
VisualStudioVersion = 15.0.27703.2035
MinimumVisualStudioVersion = 10.0.40219.1
Project("{FAE04EC0-301F-11D3-BF4B-00C04F79EFBC}") = "SignalR.ClientApp", "SignalR.ClientApp\SignalR.ClientApp.csproj", "{8DE2D40B-7260-4C33-B42B-1875FCFDADEC}"
EndProject
Project("{FAE04EC0-301F-11D3-BF4B-00C04F79EFBC}") = "SignalR.WebApp", "SignalR.WebApp\SignalR.WebApp.csproj", "{2AACF934-A008-4B83-AE6B-8BC37DE8A659}"
EndProject
Project("{FAE04EC0-301F-11D3-BF4B-00C04F79EFBC}") = "SignalR.ClientApp2", "SignalR.ClientApp2\SignalR.ClientApp2.csproj", "{147E8F5C-F630-4350-8229-E559A61F8EBC}"
EndProject
Global
	GlobalSection(SolutionConfigurationPlatforms) = preSolution
		Debug|Any CPU = Debug|Any CPU
		Release|Any CPU = Release|Any CPU
	EndGlobalSection
	GlobalSection(ProjectConfigurationPlatforms) = postSolution
		{8DE2D40B-7260-4C33-B42B-1875FCFDADEC}.Debug|Any CPU.ActiveCfg = Debug|Any CPU
		{8DE2D40B-7260-4C33-B42B-1875FCFDADEC}.Debug|Any CPU.Build.0 = Debug|Any CPU
		{8DE2D40B-7260-4C33-B42B-1875FCFDADEC}.Release|Any CPU.ActiveCfg = Release|Any CPU
		{8DE2D40B-7260-4C33-B42B-1875FCFDADEC}.Release|Any CPU.Build.0 = Release|Any CPU
		{2AACF934-A008-4B83-AE6B-8BC37DE8A659}.Debug|Any CPU.ActiveCfg = Debug|Any CPU
		{2AACF934-A008-4B83-AE6B-8BC37DE8A659}.Debug|Any CPU.Build.0 = Debug|Any CPU
		{2AACF934-A008-4B83-AE6B-8BC37DE8A659}.Release|Any CPU.ActiveCfg = Release|Any CPU
		{2AACF934-A008-4B83-AE6B-8BC37DE8A659}.Release|Any CPU.Build.0 = Release|Any CPU
		{147E8F5C-F630-4350-8229-E559A61F8EBC}.Debug|Any CPU.ActiveCfg = Debug|Any CPU
		{147E8F5C-F630-4350-8229-E559A61F8EBC}.Debug|Any CPU.Build.0 = Debug|Any CPU
		{147E8F5C-F630-4350-8229-E559A61F8EBC}.Release|Any CPU.ActiveCfg = Release|Any CPU
		{147E8F5C-F630-4350-8229-E559A61F8EBC}.Release|Any CPU.Build.0 = Release|Any CPU
	EndGlobalSection
	GlobalSection(SolutionProperties) = preSolution
		HideSolutionNode = FALSE
	EndGlobalSection
	GlobalSection(ExtensibilityGlobals) = postSolution
		SolutionGuid = {665FDCC8-1761-4DC6-9D13-E8123F2D7017}
	EndGlobalSection
EndGlobal
